
Microsoft Visual Studio Solution File, Format Version 12.00
# Visual Studio Version 17
VisualStudioVersion = 17.12.35514.174
MinimumVisualStudioVersion = 10.0.40219.1
Project("{FAE04EC0-301F-11D3-BF4B-00C04F79EFBC}") = "MagVueApp.Server", "MagVueApp.Server\MagVueApp.Server.csproj", "{A5EED6A6-331E-4DFC-8117-C2ECDA0A2611}"
EndProject
Project("{54A90642-561A-4BB1-A94E-469ADEE60C69}") = "magvueapp.client", "magvueapp.client\magvueapp.client.esproj", "{1AF651FF-53D6-44E5-9AF7-EE687747E4DD}"
EndProject
Global
	GlobalSection(SolutionConfigurationPlatforms) = preSolution
		Debug|Any CPU = Debug|Any CPU
		Release|Any CPU = Release|Any CPU
	EndGlobalSection
	GlobalSection(ProjectConfigurationPlatforms) = postSolution
		{A5EED6A6-331E-4DFC-8117-C2ECDA0A2611}.Debug|Any CPU.ActiveCfg = Release|Any CPU
		{A5EED6A6-331E-4DFC-8117-C2ECDA0A2611}.Debug|Any CPU.Build.0 = Release|Any CPU
		{A5EED6A6-331E-4DFC-8117-C2ECDA0A2611}.Release|Any CPU.ActiveCfg = Release|Any CPU
		{A5EED6A6-331E-4DFC-8117-C2ECDA0A2611}.Release|Any CPU.Build.0 = Release|Any CPU
		{1AF651FF-53D6-44E5-9AF7-EE687747E4DD}.Debug|Any CPU.ActiveCfg = Debug|Any CPU
		{1AF651FF-53D6-44E5-9AF7-EE687747E4DD}.Debug|Any CPU.Build.0 = Debug|Any CPU
		{1AF651FF-53D6-44E5-9AF7-EE687747E4DD}.Debug|Any CPU.Deploy.0 = Debug|Any CPU
		{1AF651FF-53D6-44E5-9AF7-EE687747E4DD}.Release|Any CPU.ActiveCfg = Release|Any CPU
		{1AF651FF-53D6-44E5-9AF7-EE687747E4DD}.Release|Any CPU.Build.0 = Release|Any CPU
		{1AF651FF-53D6-44E5-9AF7-EE687747E4DD}.Release|Any CPU.Deploy.0 = Release|Any CPU
	EndGlobalSection
	GlobalSection(SolutionProperties) = preSolution
		HideSolutionNode = FALSE
	EndGlobalSection
EndGlobal
